<?xml version="1.0" encoding="utf-8"?>
<Project ToolsVersion="4.0" xmlns="http://schemas.microsoft.com/developer/msbuild/2003">
  <ItemGroup>
    <Filter Include="源文件">
      <UniqueIdentifier>{4FC737F1-C7A5-4376-A066-2A32D752A2FF}</UniqueIdentifier>
      <Extensions>cpp;c;cc;cxx;def;odl;idl;hpj;bat;asm;asmx</Extensions>
    </Filter>
    <Filter Include="头文件">
      <UniqueIdentifier>{93995380-89BD-4b04-88EB-625FBE52EBFB}</UniqueIdentifier>
      <Extensions>h;hh;hpp;hxx;hm;inl;inc;ipp;xsd</Extensions>
    </Filter>
    <Filter Include="资源文件">
      <UniqueIdentifier>{67DA6AB6-F800-4c08-8B7A-83BB121AAD01}</UniqueIdentifier>
      <Extensions>rc;ico;cur;bmp;dlg;rc2;rct;bin;rgs;gif;jpg;jpeg;jpe;resx;tiff;tif;png;wav;mfcribbon-ms</Extensions>
    </Filter>
  </ItemGroup>
  <ItemGroup>
    <ClCompile Include="test.cpp">
      <Filter>源文件</Filter>
    </ClCompile>
  </ItemGroup>
  <ItemGroup>
    <ClInclude Include="iostream_test.h">
      <Filter>头文件</Filter>
    </ClInclude>
    <ClInclude Include="template_test.h">
      <Filter>头文件</Filter>
    </ClInclude>
    <ClInclude Include="leetcode3.h">
      <Filter>头文件</Filter>
    </ClInclude>
    <ClInclude Include="leetcode7.h">
      <Filter>头文件</Filter>
    </ClInclude>
    <ClInclude Include="leetcode9.h">
      <Filter>头文件</Filter>
    </ClInclude>
    <ClInclude Include="leetcode13.h">
      <Filter>头文件</Filter>
    </ClInclude>
    <ClInclude Include="leetcode14.h">
      <Filter>头文件</Filter>
    </ClInclude>
    <ClInclude Include="leetcode20.h">
      <Filter>头文件</Filter>
    </ClInclude>
    <ClInclude Include="leetcode21.h">
      <Filter>头文件</Filter>
    </ClInclude>
    <ClInclude Include="leetcode26.h">
      <Filter>头文件</Filter>
    </ClInclude>
    <ClInclude Include="leetcode27.h">
      <Filter>头文件</Filter>
    </ClInclude>
    <ClInclude Include="leetcode28.h">
      <Filter>头文件</Filter>
    </ClInclude>
    <ClInclude Include="leetcode35.h">
      <Filter>头文件</Filter>
    </ClInclude>
    <ClInclude Include="leetcode38.h">
      <Filter>头文件</Filter>
    </ClInclude>
    <ClInclude Include="leetcode53.h">
      <Filter>头文件</Filter>
    </ClInclude>
    <ClInclude Include="leetcode58.h">
      <Filter>头文件</Filter>
    </ClInclude>
    <ClInclude Include="leetocde66.h">
      <Filter>头文件</Filter>
    </ClInclude>
    <ClInclude Include="leetcode67.h">
      <Filter>头文件</Filter>
    </ClInclude>
    <ClInclude Include="leetcode69.h">
      <Filter>头文件</Filter>
    </ClInclude>
    <ClInclude Include="leetcode70.h">
      <Filter>头文件</Filter>
    </ClInclude>
    <ClInclude Include="leetcode83.h">
      <Filter>头文件</Filter>
    </ClInclude>
    <ClInclude Include="leetcode88.h">
      <Filter>头文件</Filter>
    </ClInclude>
    <ClInclude Include="leetcode100.h">
      <Filter>头文件</Filter>
    </ClInclude>
    <ClInclude Include="leetcode101.h">
      <Filter>头文件</Filter>
    </ClInclude>
    <ClInclude Include="leetcode104.h">
      <Filter>头文件</Filter>
    </ClInclude>
    <ClInclude Include="leetcode107.h">
      <Filter>头文件</Filter>
    </ClInclude>
    <ClInclude Include="leetcode108.h">
      <Filter>头文件</Filter>
    </ClInclude>
    <ClInclude Include="leetcode110.h">
      <Filter>头文件</Filter>
    </ClInclude>
    <ClInclude Include="leetcode111.h">
      <Filter>头文件</Filter>
    </ClInclude>
    <ClInclude Include="leetcode112.h">
      <Filter>头文件</Filter>
    </ClInclude>
    <ClInclude Include="leetcode118.h">
      <Filter>头文件</Filter>
    </ClInclude>
    <ClInclude Include="leetcode119.h">
      <Filter>头文件</Filter>
    </ClInclude>
    <ClInclude Include="leetcode121.h">
      <Filter>头文件</Filter>
    </ClInclude>
    <ClInclude Include="leetcode122.h">
      <Filter>头文件</Filter>
    </ClInclude>
    <ClInclude Include="leetcode125.h">
      <Filter>头文件</Filter>
    </ClInclude>
    <ClInclude Include="leetcode136.h">
      <Filter>头文件</Filter>
    </ClInclude>
    <ClInclude Include="leetcode141.h">
      <Filter>头文件</Filter>
    </ClInclude>
    <ClInclude Include="leetcode142.h">
      <Filter>头文件</Filter>
    </ClInclude>
    <ClInclude Include="leetcode155.h">
      <Filter>头文件</Filter>
    </ClInclude>
    <ClInclude Include="leetcode160.h">
      <Filter>头文件</Filter>
    </ClInclude>
    <ClInclude Include="leetcode167.h">
      <Filter>头文件</Filter>
    </ClInclude>
    <ClInclude Include="leetcode168.h">
      <Filter>头文件</Filter>
    </ClInclude>
    <ClInclude Include="leetcode169.h">
      <Filter>头文件</Filter>
    </ClInclude>
    <ClInclude Include="leetcode171.h">
      <Filter>头文件</Filter>
    </ClInclude>
    <ClInclude Include="leetcode172.h">
      <Filter>头文件</Filter>
    </ClInclude>
    <ClInclude Include="leetcode189.h">
      <Filter>头文件</Filter>
    </ClInclude>
    <ClInclude Include="leetcode190.h">
      <Filter>头文件</Filter>
    </ClInclude>
    <ClInclude Include="leetcode191.h">
      <Filter>头文件</Filter>
    </ClInclude>
    <ClInclude Include="leetcode202.h">
      <Filter>头文件</Filter>
    </ClInclude>
    <ClInclude Include="leetcode198.h">
      <Filter>头文件</Filter>
    </ClInclude>
    <ClInclude Include="leetcode203.h">
      <Filter>头文件</Filter>
    </ClInclude>
    <ClInclude Include="leetcode204.h">
      <Filter>头文件</Filter>
    </ClInclude>
    <ClInclude Include="leetcode205.h">
      <Filter>头文件</Filter>
    </ClInclude>
    <ClInclude Include="leetcode206.h">
      <Filter>头文件</Filter>
    </ClInclude>
    <ClInclude Include="leetcode217.h">
      <Filter>头文件</Filter>
    </ClInclude>
    <ClInclude Include="leetcode219.h">
      <Filter>头文件</Filter>
    </ClInclude>
    <ClInclude Include="leetcode225.h">
      <Filter>头文件</Filter>
    </ClInclude>
    <ClInclude Include="leetcod226.h">
      <Filter>头文件</Filter>
    </ClInclude>
    <ClInclude Include="leetcode231.h">
      <Filter>头文件</Filter>
    </ClInclude>
    <ClInclude Include="leetcode232.h">
      <Filter>头文件</Filter>
    </ClInclude>
    <ClInclude Include="leetcode234.h">
      <Filter>头文件</Filter>
    </ClInclude>
    <ClInclude Include="0000单链表.h">
      <Filter>头文件</Filter>
    </ClInclude>
    <ClInclude Include="0001二叉树.h">
      <Filter>头文件</Filter>
    </ClInclude>
    <ClInclude Include="leetcode235.h">
      <Filter>头文件</Filter>
    </ClInclude>
    <ClInclude Include="leetcode237.h">
      <Filter>头文件</Filter>
    </ClInclude>
    <ClInclude Include="leetcode242.h">
      <Filter>头文件</Filter>
    </ClInclude>
    <ClInclude Include="leetcode257.h">
      <Filter>头文件</Filter>
    </ClInclude>
    <ClInclude Include="leetcode258.h">
      <Filter>头文件</Filter>
    </ClInclude>
    <ClInclude Include="leetcode263.h">
      <Filter>头文件</Filter>
    </ClInclude>
    <ClInclude Include="leetcode268.h">
      <Filter>头文件</Filter>
    </ClInclude>
    <ClInclude Include="leetcode278.h">
      <Filter>头文件</Filter>
    </ClInclude>
    <ClInclude Include="leetcode283.h">
      <Filter>头文件</Filter>
    </ClInclude>
    <ClInclude Include="leetcode290.h">
      <Filter>头文件</Filter>
    </ClInclude>
    <ClInclude Include="leetcode292.h">
      <Filter>头文件</Filter>
    </ClInclude>
    <ClInclude Include="leetcode299.h">
      <Filter>头文件</Filter>
    </ClInclude>
    <ClInclude Include="leetcode303.h">
      <Filter>头文件</Filter>
    </ClInclude>
    <ClInclude Include="leetcode326.h">
      <Filter>头文件</Filter>
    </ClInclude>
  </ItemGroup>
  <ItemGroup>
    <None Include="cpp.hint" />
  </ItemGroup>
</Project>